// !$*UTF8*$!
{
	archiveVersion = 1;
	classes = {
	};
	objectVersion = 77;
	objects = {

/* Begin PBXBuildFile section */
		8044E70E2E692DDD00AB4DEE /* RouteMapKit in Frameworks */ = {isa = PBXBuildFile; productRef = 8044E70D2E692DDD00AB4DEE /* RouteMapKit */; };
		8048D1752E9751CB0059E492 /* LoginModule in Frameworks */ = {isa = PBXBuildFile; productRef = 8048D1742E9751CB0059E492 /* LoginModule */; };
/* End PBXBuildFile section */

/* Begin PBXContainerItemProxy section */
		8044E6EF2E692D3900AB4DEE /* PBXContainerItemProxy */ = {
			isa = PBXContainerItemProxy;
			containerPortal = 8044E6D52E692D3800AB4DEE /* Project object */;
			proxyType = 1;
			remoteGlobalIDString = 8044E6DC2E692D3800AB4DEE;
			remoteInfo = MeddSup;
		};
		8044E6F92E692D3900AB4DEE /* PBXContainerItemProxy */ = {
			isa = PBXContainerItemProxy;
			containerPortal = 8044E6D52E692D3800AB4DEE /* Project object */;
			proxyType = 1;
			remoteGlobalIDString = 8044E6DC2E692D3800AB4DEE;
			remoteInfo = MeddSup;
		};
/* End PBXContainerItemProxy section */

/* Begin PBXFileReference section */
		8044E6DD2E692D3800AB4DEE /* MeddSup.app */ = {isa = PBXFileReference; explicitFileType = wrapper.application; includeInIndex = 0; path = MeddSup.app; sourceTree = BUILT_PRODUCTS_DIR; };
		8044E6EE2E692D3900AB4DEE /* MeddSupTests.xctest */ = {isa = PBXFileReference; explicitFileType = wrapper.cfbundle; includeInIndex = 0; path = MeddSupTests.xctest; sourceTree = BUILT_PRODUCTS_DIR; };
		8044E6F82E692D3900AB4DEE /* MeddSupUITests.xctest */ = {isa = PBXFileReference; explicitFileType = wrapper.cfbundle; includeInIndex = 0; path = MeddSupUITests.xctest; sourceTree = BUILT_PRODUCTS_DIR; };
		8048D16F2E974D270059E492 /* LoginModule */ = {isa = PBXFileReference; lastKnownFileType = wrapper; path = LoginModule; sourceTree = SOURCE_ROOT; };
/* End PBXFileReference section */

/* Begin PBXFileSystemSynchronizedRootGroup section */
		8044E6DF2E692D3800AB4DEE /* MeddSup */ = {
			isa = PBXFileSystemSynchronizedRootGroup;
			path = MeddSup;
			sourceTree = "<group>";
		};
		8044E6F12E692D3900AB4DEE /* MeddSupTests */ = {
			isa = PBXFileSystemSynchronizedRootGroup;
			path = MeddSupTests;
			sourceTree = "<group>";
		};
		8044E6FB2E692D3900AB4DEE /* MeddSupUITests */ = {
			isa = PBXFileSystemSynchronizedRootGroup;
			path = MeddSupUITests;
			sourceTree = "<group>";
		};
/* End PBXFileSystemSynchronizedRootGroup section */

/* Begin PBXFrameworksBuildPhase section */
		8044E6DA2E692D3800AB4DEE /* Frameworks */ = {
			isa = PBXFrameworksBuildPhase;
			buildActionMask = 2147483647;
			files = (
				8048D1752E9751CB0059E492 /* LoginModule in Frameworks */,
				8044E70E2E692DDD00AB4DEE /* RouteMapKit in Frameworks */,
			);
			runOnlyForDeploymentPostprocessing = 0;
		};
		8044E6EB2E692D3900AB4DEE /* Frameworks */ = {
			isa = PBXFrameworksBuildPhase;
			buildActionMask = 2147483647;
			files = (
			);
			runOnlyForDeploymentPostprocessing = 0;
		};
		8044E6F52E692D3900AB4DEE /* Frameworks */ = {
			isa = PBXFrameworksBuildPhase;
			buildActionMask = 2147483647;
			files = (
			);
			runOnlyForDeploymentPostprocessing = 0;
		};
/* End PBXFrameworksBuildPhase section */

/* Begin PBXGroup section */
		8044E6D42E692D3800AB4DEE = {
			isa = PBXGroup;
			children = (
				8048D16E2E974C330059E492 /* Modules */,
				8044E6DF2E692D3800AB4DEE /* MeddSup */,
				8044E6F12E692D3900AB4DEE /* MeddSupTests */,
				8044E6FB2E692D3900AB4DEE /* MeddSupUITests */,
				8044E70C2E692DDD00AB4DEE /* Frameworks */,
				8044E6DE2E692D3800AB4DEE /* Products */,
			);
			sourceTree = "<group>";
		};
		8044E6DE2E692D3800AB4DEE /* Products */ = {
			isa = PBXGroup;
			children = (
				8044E6DD2E692D3800AB4DEE /* MeddSup.app */,
				8044E6EE2E692D3900AB4DEE /* MeddSupTests.xctest */,
				8044E6F82E692D3900AB4DEE /* MeddSupUITests.xctest */,
			);
			name = Products;
			sourceTree = "<group>";
		};
		8044E70C2E692DDD00AB4DEE /* Frameworks */ = {
			isa = PBXGroup;
			children = (
			);
			name = Frameworks;
			sourceTree = "<group>";
		};
		8048D16E2E974C330059E492 /* Modules */ = {
			isa = PBXGroup;
			children = (
				8048D16F2E974D270059E492 /* LoginModule */,
			);
			path = Modules;
			sourceTree = "<group>";
		};
/* End PBXGroup section */

/* Begin PBXNativeTarget section */
		8044E6DC2E692D3800AB4DEE /* MeddSup */ = {
			isa = PBXNativeTarget;
			buildConfigurationList = 8044E7022E692D3900AB4DEE /* Build configuration list for PBXNativeTarget "MeddSup" */;
			buildPhases = (
				8044E6D92E692D3800AB4DEE /* Sources */,
				8044E6DA2E692D3800AB4DEE /* Frameworks */,
				8044E6DB2E692D3800AB4DEE /* Resources */,
			);
			buildRules = (
			);
			dependencies = (
			);
			fileSystemSynchronizedGroups = (
				8044E6DF2E692D3800AB4DEE /* MeddSup */,
			);
			name = MeddSup;
			packageProductDependencies = (
				8044E70D2E692DDD00AB4DEE /* RouteMapKit */,
				8048D1742E9751CB0059E492 /* LoginModule */,
			);
			productName = MeddSup;
			productReference = 8044E6DD2E692D3800AB4DEE /* MeddSup.app */;
			productType = "com.apple.product-type.application";
		};
		8044E6ED2E692D3900AB4DEE /* MeddSupTests */ = {
			isa = PBXNativeTarget;
			buildConfigurationList = 8044E7052E692D3900AB4DEE /* Build configuration list for PBXNativeTarget "MeddSupTests" */;
			buildPhases = (
				8044E6EA2E692D3900AB4DEE /* Sources */,
				8044E6EB2E692D3900AB4DEE /* Frameworks */,
				8044E6EC2E692D3900AB4DEE /* Resources */,
			);
			buildRules = (
			);
			dependencies = (
				8044E6F02E692D3900AB4DEE /* PBXTargetDependency */,
			);
			fileSystemSynchronizedGroups = (
				8044E6F12E692D3900AB4DEE /* MeddSupTests */,
			);
			name = MeddSupTests;
			packageProductDependencies = (
			);
			productName = MeddSupTests;
			productReference = 8044E6EE2E692D3900AB4DEE /* MeddSupTests.xctest */;
			productType = "com.apple.product-type.bundle.unit-test";
		};
		8044E6F72E692D3900AB4DEE /* MeddSupUITests */ = {
			isa = PBXNativeTarget;
			buildConfigurationList = 8044E7082E692D3900AB4DEE /* Build configuration list for PBXNativeTarget "MeddSupUITests" */;
			buildPhases = (
				8044E6F42E692D3900AB4DEE /* Sources */,
				8044E6F52E692D3900AB4DEE /* Frameworks */,
				8044E6F62E692D3900AB4DEE /* Resources */,
			);
			buildRules = (
			);
			dependencies = (
				8044E6FA2E692D3900AB4DEE /* PBXTargetDependency */,
			);
			fileSystemSynchronizedGroups = (
				8044E6FB2E692D3900AB4DEE /* MeddSupUITests */,
			);
			name = MeddSupUITests;
			packageProductDependencies = (
			);
			productName = MeddSupUITests;
			productReference = 8044E6F82E692D3900AB4DEE /* MeddSupUITests.xctest */;
			productType = "com.apple.product-type.bundle.ui-testing";
		};
/* End PBXNativeTarget section */

/* Begin PBXProject section */
		8044E6D52E692D3800AB4DEE /* Project object */ = {
			isa = PBXProject;
			attributes = {
				BuildIndependentTargetsInParallel = 1;
				LastSwiftUpdateCheck = 1620;
				LastUpgradeCheck = 1620;
				TargetAttributes = {
					8044E6DC2E692D3800AB4DEE = {
						CreatedOnToolsVersion = 16.2;
					};
					8044E6ED2E692D3900AB4DEE = {
						CreatedOnToolsVersion = 16.2;
						TestTargetID = 8044E6DC2E692D3800AB4DEE;
					};
					8044E6F72E692D3900AB4DEE = {
						CreatedOnToolsVersion = 16.2;
						TestTargetID = 8044E6DC2E692D3800AB4DEE;
					};
				};
			};
			buildConfigurationList = 8044E6D82E692D3800AB4DEE /* Build configuration list for PBXProject "MeddSup" */;
			developmentRegion = en;
			hasScannedForEncodings = 0;
			knownRegions = (
				en,
				Base,
			);
			mainGroup = 8044E6D42E692D3800AB4DEE;
			minimizedProjectReferenceProxies = 1;
			packageReferences = (
				80001C182E6E3935006D050E /* XCRemoteSwiftPackageReference "RouteMapKit" */,
			);
			preferredProjectObjectVersion = 77;
			productRefGroup = 8044E6DE2E692D3800AB4DEE /* Products */;
			projectDirPath = "";
			projectRoot = "";
			targets = (
				8044E6DC2E692D3800AB4DEE /* MeddSup */,
				8044E6ED2E692D3900AB4DEE /* MeddSupTests */,
				8044E6F72E692D3900AB4DEE /* MeddSupUITests */,
			);
		};
/* End PBXProject section */

/* Begin PBXResourcesBuildPhase section */
		8044E6DB2E692D3800AB4DEE /* Resources */ = {
			isa = PBXResourcesBuildPhase;
			buildActionMask = 2147483647;
			files = (
			);
			runOnlyForDeploymentPostprocessing = 0;
		};
		8044E6EC2E692D3900AB4DEE /* Resources */ = {
			isa = PBXResourcesBuildPhase;
			buildActionMask = 2147483647;
			files = (
			);
			runOnlyForDeploymentPostprocessing = 0;
		};
		8044E6F62E692D3900AB4DEE /* Resources */ = {
			isa = PBXResourcesBuildPhase;
			buildActionMask = 2147483647;
			files = (
			);
			runOnlyForDeploymentPostprocessing = 0;
		};
/* End PBXResourcesBuildPhase section */

/* Begin PBXSourcesBuildPhase section */
		8044E6D92E692D3800AB4DEE /* Sources */ = {
			isa = PBXSourcesBuildPhase;
			buildActionMask = 2147483647;
			files = (
			);
			runOnlyForDeploymentPostprocessing = 0;
		};
		8044E6EA2E692D3900AB4DEE /* Sources */ = {
			isa = PBXSourcesBuildPhase;
			buildActionMask = 2147483647;
			files = (
			);
			runOnlyForDeploymentPostprocessing = 0;
		};
		8044E6F42E692D3900AB4DEE /* Sources */ = {
			isa = PBXSourcesBuildPhase;
			buildActionMask = 2147483647;
			files = (
			);
			runOnlyForDeploymentPostprocessing = 0;
		};
/* End PBXSourcesBuildPhase section */

/* Begin PBXTargetDependency section */
		8044E6F02E692D3900AB4DEE /* PBXTargetDependency */ = {
			isa = PBXTargetDependency;
			target = 8044E6DC2E692D3800AB4DEE /* MeddSup */;
			targetProxy = 8044E6EF2E692D3900AB4DEE /* PBXContainerItemProxy */;
		};
		8044E6FA2E692D3900AB4DEE /* PBXTargetDependency */ = {
			isa = PBXTargetDependency;
			target = 8044E6DC2E692D3800AB4DEE /* MeddSup */;
			targetProxy = 8044E6F92E692D3900AB4DEE /* PBXContainerItemProxy */;
		};
/* End PBXTargetDependency section */

/* Begin XCBuildConfiguration section */
		8044E7002E692D3900AB4DEE /* Debug */ = {
			isa = XCBuildConfiguration;
			buildSettings = {
				ALWAYS_SEARCH_USER_PATHS = NO;
				ASSETCATALOG_COMPILER_GENERATE_SWIFT_ASSET_SYMBOL_EXTENSIONS = YES;
				CLANG_ANALYZER_NONNULL = YES;
				CLANG_ANALYZER_NUMBER_OBJECT_CONVERSION = YES_AGGRESSIVE;
				CLANG_CXX_LANGUAGE_STANDARD = "gnu++20";
				CLANG_ENABLE_MODULES = YES;
				CLANG_ENABLE_OBJC_ARC = YES;
				CLANG_ENABLE_OBJC_WEAK = YES;
				CLANG_WARN_BLOCK_CAPTURE_AUTORELEASING = YES;
				CLANG_WARN_BOOL_CONVERSION = YES;
				CLANG_WARN_COMMA = YES;
				CLANG_WARN_CONSTANT_CONVERSION = YES;
				CLANG_WARN_DEPRECATED_OBJC_IMPLEMENTATIONS = YES;
				CLANG_WARN_DIRECT_OBJC_ISA_USAGE = YES_ERROR;
				CLANG_WARN_DOCUMENTATION_COMMENTS = YES;
				CLANG_WARN_EMPTY_BODY = YES;
				CLANG_WARN_ENUM_CONVERSION = YES;
				CLANG_WARN_INFINITE_RECURSION = YES;
				CLANG_WARN_INT_CONVERSION = YES;
				CLANG_WARN_NON_LITERAL_NULL_CONVERSION = YES;
				CLANG_WARN_OBJC_IMPLICIT_RETAIN_SELF = YES;
				CLANG_WARN_OBJC_LITERAL_CONVERSION = YES;
				CLANG_WARN_OBJC_ROOT_CLASS = YES_ERROR;
				CLANG_WARN_QUOTED_INCLUDE_IN_FRAMEWORK_HEADER = YES;
				CLANG_WARN_RANGE_LOOP_ANALYSIS = YES;
				CLANG_WARN_STRICT_PROTOTYPES = YES;
				CLANG_WARN_SUSPICIOUS_MOVE = YES;
				CLANG_WARN_UNGUARDED_AVAILABILITY = YES_AGGRESSIVE;
				CLANG_WARN_UNREACHABLE_CODE = YES;
				CLANG_WARN__DUPLICATE_METHOD_MATCH = YES;
				COPY_PHASE_STRIP = NO;
				DEBUG_INFORMATION_FORMAT = dwarf;
				ENABLE_STRICT_OBJC_MSGSEND = YES;
				ENABLE_TESTABILITY = YES;
				ENABLE_USER_SCRIPT_SANDBOXING = YES;
				GCC_C_LANGUAGE_STANDARD = gnu17;
				GCC_DYNAMIC_NO_PIC = NO;
				GCC_NO_COMMON_BLOCKS = YES;
				GCC_OPTIMIZATION_LEVEL = 0;
				GCC_PREPROCESSOR_DEFINITIONS = (
					"DEBUG=1",
					"$(inherited)",
				);
				GCC_WARN_64_TO_32_BIT_CONVERSION = YES;
				GCC_WARN_ABOUT_RETURN_TYPE = YES_ERROR;
				GCC_WARN_UNDECLARED_SELECTOR = YES;
				GCC_WARN_UNINITIALIZED_AUTOS = YES_AGGRESSIVE;
				GCC_WARN_UNUSED_FUNCTION = YES;
				GCC_WARN_UNUSED_VARIABLE = YES;
				LOCALIZATION_PREFERS_STRING_CATALOGS = YES;
				MTL_ENABLE_DEBUG_INFO = INCLUDE_SOURCE;
				MTL_FAST_MATH = YES;
				ONLY_ACTIVE_ARCH = YES;
				SWIFT_ACTIVE_COMPILATION_CONDITIONS = "DEBUG $(inherited)";
				SWIFT_OPTIMIZATION_LEVEL = "-Onone";
			};
			name = Debug;
		};
		8044E7012E692D3900AB4DEE /* Release */ = {
			isa = XCBuildConfiguration;
			buildSettings = {
				ALWAYS_SEARCH_USER_PATHS = NO;
				ASSETCATALOG_COMPILER_GENERATE_SWIFT_ASSET_SYMBOL_EXTENSIONS = YES;
				CLANG_ANALYZER_NONNULL = YES;
				CLANG_ANALYZER_NUMBER_OBJECT_CONVERSION = YES_AGGRESSIVE;
				CLANG_CXX_LANGUAGE_STANDARD = "gnu++20";
				CLANG_ENABLE_MODULES = YES;
				CLANG_ENABLE_OBJC_ARC = YES;
				CLANG_ENABLE_OBJC_WEAK = YES;
				CLANG_WARN_BLOCK_CAPTURE_AUTORELEASING = YES;
				CLANG_WARN_BOOL_CONVERSION = YES;
				CLANG_WARN_COMMA = YES;
				CLANG_WARN_CONSTANT_CONVERSION = YES;
				CLANG_WARN_DEPRECATED_OBJC_IMPLEMENTATIONS = YES;
				CLANG_WARN_DIRECT_OBJC_ISA_USAGE = YES_ERROR;
				CLANG_WARN_DOCUMENTATION_COMMENTS = YES;
				CLANG_WARN_EMPTY_BODY = YES;
				CLANG_WARN_ENUM_CONVERSION = YES;
				CLANG_WARN_INFINITE_RECURSION = YES;
				CLANG_WARN_INT_CONVERSION = YES;
				CLANG_WARN_NON_LITERAL_NULL_CONVERSION = YES;
				CLANG_WARN_OBJC_IMPLICIT_RETAIN_SELF = YES;
				CLANG_WARN_OBJC_LITERAL_CONVERSION = YES;
				CLANG_WARN_OBJC_ROOT_CLASS = YES_ERROR;
				CLANG_WARN_QUOTED_INCLUDE_IN_FRAMEWORK_HEADER = YES;
				CLANG_WARN_RANGE_LOOP_ANALYSIS = YES;
				CLANG_WARN_STRICT_PROTOTYPES = YES;
				CLANG_WARN_SUSPICIOUS_MOVE = YES;
				CLANG_WARN_UNGUARDED_AVAILABILITY = YES_AGGRESSIVE;
				CLANG_WARN_UNREACHABLE_CODE = YES;
				CLANG_WARN__DUPLICATE_METHOD_MATCH = YES;
				COPY_PHASE_STRIP = NO;
				DEBUG_INFORMATION_FORMAT = "dwarf-with-dsym";
				ENABLE_NS_ASSERTIONS = NO;
				ENABLE_STRICT_OBJC_MSGSEND = YES;
				ENABLE_USER_SCRIPT_SANDBOXING = YES;
				GCC_C_LANGUAGE_STANDARD = gnu17;
				GCC_NO_COMMON_BLOCKS = YES;
				GCC_WARN_64_TO_32_BIT_CONVERSION = YES;
				GCC_WARN_ABOUT_RETURN_TYPE = YES_ERROR;
				GCC_WARN_UNDECLARED_SELECTOR = YES;
				GCC_WARN_UNINITIALIZED_AUTOS = YES_AGGRESSIVE;
				GCC_WARN_UNUSED_FUNCTION = YES;
				GCC_WARN_UNUSED_VARIABLE = YES;
				LOCALIZATION_PREFERS_STRING_CATALOGS = YES;
				MTL_ENABLE_DEBUG_INFO = NO;
				MTL_FAST_MATH = YES;
				SWIFT_COMPILATION_MODE = wholemodule;
			};
			name = Release;
		};
		8044E7032E692D3900AB4DEE /* Debug */ = {
			isa = XCBuildConfiguration;
			buildSettings = {
				ASSETCATALOG_COMPILER_APPICON_NAME = AppIcon;
				ASSETCATALOG_COMPILER_GLOBAL_ACCENT_COLOR_NAME = AccentColor;
				CODE_SIGN_ENTITLEMENTS = MeddSup/MeddSup.entitlements;
				CODE_SIGN_STYLE = Automatic;
				CURRENT_PROJECT_VERSION = 1;
				DEVELOPMENT_ASSET_PATHS = "\"MeddSup/Preview Content\"";
				DEVELOPMENT_TEAM = L4YP8ZJGXX;
				ENABLE_HARDENED_RUNTIME = YES;
				ENABLE_PREVIEWS = YES;
				GENERATE_INFOPLIST_FILE = YES;
				"INFOPLIST_KEY_UIApplicationSceneManifest_Generation[sdk=iphoneos*]" = YES;
				"INFOPLIST_KEY_UIApplicationSceneManifest_Generation[sdk=iphonesimulator*]" = YES;
				"INFOPLIST_KEY_UIApplicationSupportsIndirectInputEvents[sdk=iphoneos*]" = YES;
				"INFOPLIST_KEY_UIApplicationSupportsIndirectInputEvents[sdk=iphonesimulator*]" = YES;
				"INFOPLIST_KEY_UILaunchScreen_Generation[sdk=iphoneos*]" = YES;
				"INFOPLIST_KEY_UILaunchScreen_Generation[sdk=iphonesimulator*]" = YES;
				"INFOPLIST_KEY_UIStatusBarStyle[sdk=iphoneos*]" = UIStatusBarStyleDefault;
				"INFOPLIST_KEY_UIStatusBarStyle[sdk=iphonesimulator*]" = UIStatusBarStyleDefault;
				INFOPLIST_KEY_UISupportedInterfaceOrientations = UIInterfaceOrientationPortrait;
				IPHONEOS_DEPLOYMENT_TARGET = 18.2;
				LD_RUNPATH_SEARCH_PATHS = "@executable_path/Frameworks";
				"LD_RUNPATH_SEARCH_PATHS[sdk=macosx*]" = "@executable_path/../Frameworks";
				MACOSX_DEPLOYMENT_TARGET = 15.2;
				MARKETING_VERSION = 1.0;
				PRODUCT_BUNDLE_IDENTIFIER = com.felipe.MeddSup;
				PRODUCT_NAME = "$(TARGET_NAME)";
				SDKROOT = auto;
				SUPPORTED_PLATFORMS = "iphoneos iphonesimulator macosx xros xrsimulator";
				SWIFT_EMIT_LOC_STRINGS = YES;
				SWIFT_VERSION = 5.0;
				TARGETED_DEVICE_FAMILY = "1,2,7";
				XROS_DEPLOYMENT_TARGET = 2.2;
			};
			name = Debug;
		};
		8044E7042E692D3900AB4DEE /* Release */ = {
			isa = XCBuildConfiguration;
			buildSettings = {
				ASSETCATALOG_COMPILER_APPICON_NAME = AppIcon;
				ASSETCATALOG_COMPILER_GLOBAL_ACCENT_COLOR_NAME = AccentColor;
				CODE_SIGN_ENTITLEMENTS = MeddSup/MeddSup.entitlements;
				CODE_SIGN_STYLE = Automatic;
				CURRENT_PROJECT_VERSION = 1;
				DEVELOPMENT_ASSET_PATHS = "\"MeddSup/Preview Content\"";
				DEVELOPMENT_TEAM = L4YP8ZJGXX;
				ENABLE_HARDENED_RUNTIME = YES;
				ENABLE_PREVIEWS = YES;
				GENERATE_INFOPLIST_FILE = YES;
				"INFOPLIST_KEY_UIApplicationSceneManifest_Generation[sdk=iphoneos*]" = YES;
				"INFOPLIST_KEY_UIApplicationSceneManifest_Generation[sdk=iphonesimulator*]" = YES;
				"INFOPLIST_KEY_UIApplicationSupportsIndirectInputEvents[sdk=iphoneos*]" = YES;
				"INFOPLIST_KEY_UIApplicationSupportsIndirectInputEvents[sdk=iphonesimulator*]" = YES;
				"INFOPLIST_KEY_UILaunchScreen_Generation[sdk=iphoneos*]" = YES;
				"INFOPLIST_KEY_UILaunchScreen_Generation[sdk=iphonesimulator*]" = YES;
				"INFOPLIST_KEY_UIStatusBarStyle[sdk=iphoneos*]" = UIStatusBarStyleDefault;
				"INFOPLIST_KEY_UIStatusBarStyle[sdk=iphonesimulator*]" = UIStatusBarStyleDefault;
				INFOPLIST_KEY_UISupportedInterfaceOrientations = UIInterfaceOrientationPortrait;
				IPHONEOS_DEPLOYMENT_TARGET = 18.2;
				LD_RUNPATH_SEARCH_PATHS = "@executable_path/Frameworks";
				"LD_RUNPATH_SEARCH_PATHS[sdk=macosx*]" = "@executable_path/../Frameworks";
				MACOSX_DEPLOYMENT_TARGET = 15.2;
				MARKETING_VERSION = 1.0;
				PRODUCT_BUNDLE_IDENTIFIER = com.felipe.MeddSup;
				PRODUCT_NAME = "$(TARGET_NAME)";
				SDKROOT = auto;
				SUPPORTED_PLATFORMS = "iphoneos iphonesimulator macosx xros xrsimulator";
				SWIFT_EMIT_LOC_STRINGS = YES;
				SWIFT_VERSION = 5.0;
				TARGETED_DEVICE_FAMILY = "1,2,7";
				XROS_DEPLOYMENT_TARGET = 2.2;
			};
			name = Release;
		};
		8044E7062E692D3900AB4DEE /* Debug */ = {
			isa = XCBuildConfiguration;
			buildSettings = {
				BUNDLE_LOADER = "$(TEST_HOST)";
				CODE_SIGN_STYLE = Automatic;
				CURRENT_PROJECT_VERSION = 1;
				DEVELOPMENT_TEAM = L4YP8ZJGXX;
				GENERATE_INFOPLIST_FILE = YES;
				IPHONEOS_DEPLOYMENT_TARGET = 18.2;
				MACOSX_DEPLOYMENT_TARGET = 15.2;
				MARKETING_VERSION = 1.0;
				PRODUCT_BUNDLE_IDENTIFIER = com.felipe.MeddSupTests;
				PRODUCT_NAME = "$(TARGET_NAME)";
				SDKROOT = auto;
				SUPPORTED_PLATFORMS = "iphoneos iphonesimulator macosx xros xrsimulator";
				SWIFT_EMIT_LOC_STRINGS = NO;
				SWIFT_VERSION = 5.0;
				TARGETED_DEVICE_FAMILY = "1,2,7";
				TEST_HOST = "$(BUILT_PRODUCTS_DIR)/MeddSup.app/$(BUNDLE_EXECUTABLE_FOLDER_PATH)/MeddSup";
				XROS_DEPLOYMENT_TARGET = 2.2;
			};
			name = Debug;
		};
		8044E7072E692D3900AB4DEE /* Release */ = {
			isa = XCBuildConfiguration;
			buildSettings = {
				BUNDLE_LOADER = "$(TEST_HOST)";
				CODE_SIGN_STYLE = Automatic;
				CURRENT_PROJECT_VERSION = 1;
				DEVELOPMENT_TEAM = L4YP8ZJGXX;
				GENERATE_INFOPLIST_FILE = YES;
				IPHONEOS_DEPLOYMENT_TARGET = 18.2;
				MACOSX_DEPLOYMENT_TARGET = 15.2;
				MARKETING_VERSION = 1.0;
				PRODUCT_BUNDLE_IDENTIFIER = com.felipe.MeddSupTests;
				PRODUCT_NAME = "$(TARGET_NAME)";
				SDKROOT = auto;
				SUPPORTED_PLATFORMS = "iphoneos iphonesimulator macosx xros xrsimulator";
				SWIFT_EMIT_LOC_STRINGS = NO;
				SWIFT_VERSION = 5.0;
				TARGETED_DEVICE_FAMILY = "1,2,7";
				TEST_HOST = "$(BUILT_PRODUCTS_DIR)/MeddSup.app/$(BUNDLE_EXECUTABLE_FOLDER_PATH)/MeddSup";
				XROS_DEPLOYMENT_TARGET = 2.2;
			};
			name = Release;
		};
		8044E7092E692D3900AB4DEE /* Debug */ = {
			isa = XCBuildConfiguration;
			buildSettings = {
				CODE_SIGN_STYLE = Automatic;
				CURRENT_PROJECT_VERSION = 1;
				DEVELOPMENT_TEAM = L4YP8ZJGXX;
				GENERATE_INFOPLIST_FILE = YES;
				IPHONEOS_DEPLOYMENT_TARGET = 18.2;
				MACOSX_DEPLOYMENT_TARGET = 15.2;
				MARKETING_VERSION = 1.0;
				PRODUCT_BUNDLE_IDENTIFIER = com.felipe.MeddSupUITests;
				PRODUCT_NAME = "$(TARGET_NAME)";
				SDKROOT = auto;
				SUPPORTED_PLATFORMS = "iphoneos iphonesimulator macosx xros xrsimulator";
				SWIFT_EMIT_LOC_STRINGS = NO;
				SWIFT_VERSION = 5.0;
				TARGETED_DEVICE_FAMILY = "1,2,7";
				TEST_TARGET_NAME = MeddSup;
				XROS_DEPLOYMENT_TARGET = 2.2;
			};
			name = Debug;
		};
		8044E70A2E692D3900AB4DEE /* Release */ = {
			isa = XCBuildConfiguration;
			buildSettings = {
				CODE_SIGN_STYLE = Automatic;
				CURRENT_PROJECT_VERSION = 1;
				DEVELOPMENT_TEAM = L4YP8ZJGXX;
				GENERATE_INFOPLIST_FILE = YES;
				IPHONEOS_DEPLOYMENT_TARGET = 18.2;
				MACOSX_DEPLOYMENT_TARGET = 15.2;
				MARKETING_VERSION = 1.0;
				PRODUCT_BUNDLE_IDENTIFIER = com.felipe.MeddSupUITests;
				PRODUCT_NAME = "$(TARGET_NAME)";
				SDKROOT = auto;
				SUPPORTED_PLATFORMS = "iphoneos iphonesimulator macosx xros xrsimulator";
				SWIFT_EMIT_LOC_STRINGS = NO;
				SWIFT_VERSION = 5.0;
				TARGETED_DEVICE_FAMILY = "1,2,7";
				TEST_TARGET_NAME = MeddSup;
				XROS_DEPLOYMENT_TARGET = 2.2;
			};
			name = Release;
		};
/* End XCBuildConfiguration section */

/* Begin XCConfigurationList section */
		8044E6D82E692D3800AB4DEE /* Build configuration list for PBXProject "MeddSup" */ = {
			isa = XCConfigurationList;
			buildConfigurations = (
				8044E7002E692D3900AB4DEE /* Debug */,
				8044E7012E692D3900AB4DEE /* Release */,
			);
			defaultConfigurationIsVisible = 0;
			defaultConfigurationName = Release;
		};
		8044E7022E692D3900AB4DEE /* Build configuration list for PBXNativeTarget "MeddSup" */ = {
			isa = XCConfigurationList;
			buildConfigurations = (
				8044E7032E692D3900AB4DEE /* Debug */,
				8044E7042E692D3900AB4DEE /* Release */,
			);
			defaultConfigurationIsVisible = 0;
			defaultConfigurationName = Release;
		};
		8044E7052E692D3900AB4DEE /* Build configuration list for PBXNativeTarget "MeddSupTests" */ = {
			isa = XCConfigurationList;
			buildConfigurations = (
				8044E7062E692D3900AB4DEE /* Debug */,
				8044E7072E692D3900AB4DEE /* Release */,
			);
			defaultConfigurationIsVisible = 0;
			defaultConfigurationName = Release;
		};
		8044E7082E692D3900AB4DEE /* Build configuration list for PBXNativeTarget "MeddSupUITests" */ = {
			isa = XCConfigurationList;
			buildConfigurations = (
				8044E7092E692D3900AB4DEE /* Debug */,
				8044E70A2E692D3900AB4DEE /* Release */,
			);
			defaultConfigurationIsVisible = 0;
			defaultConfigurationName = Release;
		};
/* End XCConfigurationList section */

/* Begin XCRemoteSwiftPackageReference section */
		80001C182E6E3935006D050E /* XCRemoteSwiftPackageReference "RouteMapKit" */ = {
			isa = XCRemoteSwiftPackageReference;
			repositoryURL = "https://github.com/FelipeRivera/RouteMapKit.git";
			requirement = {
				branch = main;
				kind = branch;
			};
		};
/* End XCRemoteSwiftPackageReference section */

/* Begin XCSwiftPackageProductDependency section */
		8044E70D2E692DDD00AB4DEE /* RouteMapKit */ = {
			isa = XCSwiftPackageProductDependency;
			productName = RouteMapKit;
		};
		8048D1742E9751CB0059E492 /* LoginModule */ = {
			isa = XCSwiftPackageProductDependency;
			productName = LoginModule;
		};
/* End XCSwiftPackageProductDependency section */
	};
	rootObject = 8044E6D52E692D3800AB4DEE /* Project object */;
}
